// !$*UTF8*$!
{
	archiveVersion = 1;
	classes = {
	};
	objectVersion = 46;
	objects = {

/* Begin PBXBuildFile section */
		3468308F1CB555A6004AAAD6 /* User.swift in Sources */ = {isa = PBXBuildFile; fileRef = 3468308E1CB555A6004AAAD6 /* User.swift */; };
		346830911CB55627004AAAD6 /* Media.swift in Sources */ = {isa = PBXBuildFile; fileRef = 346830901CB55627004AAAD6 /* Media.swift */; };
		346830931CB55691004AAAD6 /* Comment.swift in Sources */ = {isa = PBXBuildFile; fileRef = 346830921CB55691004AAAD6 /* Comment.swift */; };
		346830951CB556F2004AAAD6 /* DataSource.swift in Sources */ = {isa = PBXBuildFile; fileRef = 346830941CB556F2004AAAD6 /* DataSource.swift */; };
		34DF1DD01CAB277400521ABB /* AppDelegate.swift in Sources */ = {isa = PBXBuildFile; fileRef = 34DF1DCF1CAB277400521ABB /* AppDelegate.swift */; };
		34DF1DD71CAB277400521ABB /* Assets.xcassets in Resources */ = {isa = PBXBuildFile; fileRef = 34DF1DD61CAB277400521ABB /* Assets.xcassets */; };
		34E4DE3B1CAB2A0100F55855 /* ImagesTableViewController.swift in Sources */ = {isa = PBXBuildFile; fileRef = 34E4DE3A1CAB2A0100F55855 /* ImagesTableViewController.swift */; };
/* End PBXBuildFile section */

/* Begin PBXFileReference section */
		3468308E1CB555A6004AAAD6 /* User.swift */ = {isa = PBXFileReference; fileEncoding = 4; lastKnownFileType = sourcecode.swift; name = User.swift; path = ../User.swift; sourceTree = "<group>"; };
		346830901CB55627004AAAD6 /* Media.swift */ = {isa = PBXFileReference; fileEncoding = 4; lastKnownFileType = sourcecode.swift; name = Media.swift; path = ../Media.swift; sourceTree = "<group>"; };
		346830921CB55691004AAAD6 /* Comment.swift */ = {isa = PBXFileReference; fileEncoding = 4; lastKnownFileType = sourcecode.swift; name = Comment.swift; path = ../Comment.swift; sourceTree = "<group>"; };
		346830941CB556F2004AAAD6 /* DataSource.swift */ = {isa = PBXFileReference; fileEncoding = 4; lastKnownFileType = sourcecode.swift; path = DataSource.swift; sourceTree = "<group>"; };
		34DF1DCC1CAB277400521ABB /* Blocstagram.app */ = {isa = PBXFileReference; explicitFileType = wrapper.application; includeInIndex = 0; path = Blocstagram.app; sourceTree = BUILT_PRODUCTS_DIR; };
		34DF1DCF1CAB277400521ABB /* AppDelegate.swift */ = {isa = PBXFileReference; lastKnownFileType = sourcecode.swift; path = AppDelegate.swift; sourceTree = "<group>"; };
		34DF1DD61CAB277400521ABB /* Assets.xcassets */ = {isa = PBXFileReference; lastKnownFileType = folder.assetcatalog; path = Assets.xcassets; sourceTree = "<group>"; };
		34DF1DDB1CAB277400521ABB /* Info.plist */ = {isa = PBXFileReference; lastKnownFileType = text.plist.xml; path = Info.plist; sourceTree = "<group>"; };
		34E4DE3A1CAB2A0100F55855 /* ImagesTableViewController.swift */ = {isa = PBXFileReference; fileEncoding = 4; lastKnownFileType = sourcecode.swift; path = ImagesTableViewController.swift; sourceTree = "<group>"; };
/* End PBXFileReference section */

/* Begin PBXFrameworksBuildPhase section */
		34DF1DC91CAB277400521ABB /* Frameworks */ = {
			isa = PBXFrameworksBuildPhase;
			buildActionMask = 2147483647;
			files = (
			);
			runOnlyForDeploymentPostprocessing = 0;
		};
/* End PBXFrameworksBuildPhase section */

/* Begin PBXGroup section */
		34DF1DC31CAB277400521ABB = {
			isa = PBXGroup;
			children = (
				34DF1DCE1CAB277400521ABB /* Blocstagram */,
				34DF1DCD1CAB277400521ABB /* Products */,
			);
			sourceTree = "<group>";
		};
		34DF1DCD1CAB277400521ABB /* Products */ = {
			isa = PBXGroup;
			children = (
				34DF1DCC1CAB277400521ABB /* Blocstagram.app */,
			);
			name = Products;
			sourceTree = "<group>";
		};
		34DF1DCE1CAB277400521ABB /* Blocstagram */ = {
			isa = PBXGroup;
			children = (
				34DF1DCF1CAB277400521ABB /* AppDelegate.swift */,
				346830921CB55691004AAAD6 /* Comment.swift */,
				3468308E1CB555A6004AAAD6 /* User.swift */,
				346830901CB55627004AAAD6 /* Media.swift */,
				34DF1DD61CAB277400521ABB /* Assets.xcassets */,
				34DF1DDB1CAB277400521ABB /* Info.plist */,
				34E4DE3A1CAB2A0100F55855 /* ImagesTableViewController.swift */,
				346830941CB556F2004AAAD6 /* DataSource.swift */,
			);
			path = Blocstagram;
			sourceTree = "<group>";
		};
/* End PBXGroup section */

/* Begin PBXNativeTarget section */
		34DF1DCB1CAB277400521ABB /* Blocstagram */ = {
			isa = PBXNativeTarget;
			buildConfigurationList = 34DF1DDE1CAB277400521ABB /* Build configuration list for PBXNativeTarget "Blocstagram" */;
			buildPhases = (
				34DF1DC81CAB277400521ABB /* Sources */,
				34DF1DC91CAB277400521ABB /* Frameworks */,
				34DF1DCA1CAB277400521ABB /* Resources */,
			);
			buildRules = (
			);
			dependencies = (
			);
			name = Blocstagram;
			productName = Blocstagram;
			productReference = 34DF1DCC1CAB277400521ABB /* Blocstagram.app */;
			productType = "com.apple.product-type.application";
		};
/* End PBXNativeTarget section */

/* Begin PBXProject section */
		34DF1DC41CAB277400521ABB /* Project object */ = {
			isa = PBXProject;
			attributes = {
				LastSwiftUpdateCheck = 0720;
				LastUpgradeCheck = 0720;
				ORGANIZATIONNAME = bootcamp;
				TargetAttributes = {
					34DF1DCB1CAB277400521ABB = {
						CreatedOnToolsVersion = 7.2.1;
					};
				};
			};
			buildConfigurationList = 34DF1DC71CAB277400521ABB /* Build configuration list for PBXProject "Blocstagram" */;
			compatibilityVersion = "Xcode 3.2";
			developmentRegion = English;
			hasScannedForEncodings = 0;
			knownRegions = (
				en,
				Base,
			);
			mainGroup = 34DF1DC31CAB277400521ABB;
			productRefGroup = 34DF1DCD1CAB277400521ABB /* Products */;
			projectDirPath = "";
			projectRoot = "";
			targets = (
				34DF1DCB1CAB277400521ABB /* Blocstagram */,
			);
		};
/* End PBXProject section */

/* Begin PBXResourcesBuildPhase section */
		34DF1DCA1CAB277400521ABB /* Resources */ = {
			isa = PBXResourcesBuildPhase;
			buildActionMask = 2147483647;
			files = (
				34DF1DD71CAB277400521ABB /* Assets.xcassets in Resources */,
			);
			runOnlyForDeploymentPostprocessing = 0;
		};
/* End PBXResourcesBuildPhase section */

/* Begin PBXSourcesBuildPhase section */
		34DF1DC81CAB277400521ABB /* Sources */ = {
			isa = PBXSourcesBuildPhase;
			buildActionMask = 2147483647;
			files = (
				346830951CB556F2004AAAD6 /* DataSource.swift in Sources */,
				346830931CB55691004AAAD6 /* Comment.swift in Sources */,
				34E4DE3B1CAB2A0100F55855 /* ImagesTableViewController.swift in Sources */,
				34DF1DD01CAB277400521ABB /* AppDelegate.swift in Sources */,
				346830911CB55627004AAAD6 /* Media.swift in Sources */,
				3468308F1CB555A6004AAAD6 /* User.swift in Sources */,
			);
			runOnlyForDeploymentPostprocessing = 0;
		};
/* End PBXSourcesBuildPhase section */

/* Begin XCBuildConfiguration section */
		34DF1DDC1CAB277400521ABB /* Debug */ = {
			isa = XCBuildConfiguration;
			buildSettings = {
				ALWAYS_SEARCH_USER_PATHS = NO;
				CLANG_CXX_LANGUAGE_STANDARD = "gnu++0x";
				CLANG_CXX_LIBRARY = "libc++";
				CLANG_ENABLE_MODULES = YES;
				CLANG_ENABLE_OBJC_ARC = YES;
				CLANG_WARN_BOOL_CONVERSION = YES;
				CLANG_WARN_CONSTANT_CONVERSION = YES;
				CLANG_WARN_DIRECT_OBJC_ISA_USAGE = YES_ERROR;
				CLANG_WARN_EMPTY_BODY = YES;
				CLANG_WARN_ENUM_CONVERSION = YES;
				CLANG_WARN_INT_CONVERSION = YES;
				CLANG_WARN_OBJC_ROOT_CLASS = YES_ERROR;
				CLANG_WARN_UNREACHABLE_CODE = YES;
				CLANG_WARN__DUPLICATE_METHOD_MATCH = YES;
				"CODE_SIGN_IDENTITY[sdk=iphoneos*]" = "iPhone Developer";
				COPY_PHASE_STRIP = NO;
				DEBUG_INFORMATION_FORMAT = dwarf;
				ENABLE_STRICT_OBJC_MSGSEND = YES;
				ENABLE_TESTABILITY = YES;
				GCC_C_LANGUAGE_STANDARD = gnu99;
				GCC_DYNAMIC_NO_PIC = NO;
				GCC_NO_COMMON_BLOCKS = YES;
				GCC_OPTIMIZATION_LEVEL = 0;
				GCC_PREPROCESSOR_DEFINITIONS = (
					"DEBUG=1",
					"$(inherited)",
				);
				GCC_WARN_64_TO_32_BIT_CONVERSION = YES;
				GCC_WARN_ABOUT_RETURN_TYPE = YES_ERROR;
				GCC_WARN_UNDECLARED_SELECTOR = YES;
				GCC_WARN_UNINITIALIZED_AUTOS = YES_AGGRESSIVE;
				GCC_WARN_UNUSED_FUNCTION = YES;
				GCC_WARN_UNUSED_VARIABLE = YES;
				IPHONEOS_DEPLOYMENT_TARGET = 9.2;
				MTL_ENABLE_DEBUG_INFO = YES;
				ONLY_ACTIVE_ARCH = YES;
				SDKROOT = iphoneos;
				SWIFT_OPTIMIZATION_LEVEL = "-Onone";
				TARGETED_DEVICE_FAMILY = "1,2";
			};
			name = Debug;
		};
		34DF1DDD1CAB277400521ABB /* Release */ = {
			isa = XCBuildConfiguration;
			buildSettings = {
				ALWAYS_SEARCH_USER_PATHS = NO;
				CLANG_CXX_LANGUAGE_STANDARD = "gnu++0x";
				CLANG_CXX_LIBRARY = "libc++";
				CLANG_ENABLE_MODULES = YES;
				CLANG_ENABLE_OBJC_ARC = YES;
				CLANG_WARN_BOOL_CONVERSION = YES;
				CLANG_WARN_CONSTANT_CONVERSION = YES;
				CLANG_WARN_DIRECT_OBJC_ISA_USAGE = YES_ERROR;
				CLANG_WARN_EMPTY_BODY = YES;
				CLANG_WARN_ENUM_CONVERSION = YES;
				CLANG_WARN_INT_CONVERSION = YES;
				CLANG_WARN_OBJC_ROOT_CLASS = YES_ERROR;
				CLANG_WARN_UNREACHABLE_CODE = YES;
				CLANG_WARN__DUPLICATE_METHOD_MATCH = YES;
				"CODE_SIGN_IDENTITY[sdk=iphoneos*]" = "iPhone Developer";
				COPY_PHASE_STRIP = NO;
				DEBUG_INFORMATION_FORMAT = "dwarf-with-dsym";
				ENABLE_NS_ASSERTIONS = NO;
				ENABLE_STRICT_OBJC_MSGSEND = YES;
				GCC_C_LANGUAGE_STANDARD = gnu99;
				GCC_NO_COMMON_BLOCKS = YES;
				GCC_WARN_64_TO_32_BIT_CONVERSION = YES;
				GCC_WARN_ABOUT_RETURN_TYPE = YES_ERROR;
				GCC_WARN_UNDECLARED_SELECTOR = YES;
				GCC_WARN_UNINITIALIZED_AUTOS = YES_AGGRESSIVE;
				GCC_WARN_UNUSED_FUNCTION = YES;
				GCC_WARN_UNUSED_VARIABLE = YES;
				IPHONEOS_DEPLOYMENT_TARGET = 9.2;
				MTL_ENABLE_DEBUG_INFO = NO;
				SDKROOT = iphoneos;
				TARGETED_DEVICE_FAMILY = "1,2";
				VALIDATE_PRODUCT = YES;
			};
			name = Release;
		};
		34DF1DDF1CAB277400521ABB /* Debug */ = {
			isa = XCBuildConfiguration;
			buildSettings = {
				ASSETCATALOG_COMPILER_APPICON_NAME = AppIcon;
				INFOPLIST_FILE = Blocstagram/Info.plist;
				LD_RUNPATH_SEARCH_PATHS = "$(inherited) @executable_path/Frameworks";
				PRODUCT_BUNDLE_IDENTIFIER = com.bootcamp.Blocstagram;
				PRODUCT_NAME = "$(TARGET_NAME)";
			};
			name = Debug;
		};
		34DF1DE01CAB277400521ABB /* Release */ = {
			isa = XCBuildConfiguration;
			buildSettings = {
				ASSETCATALOG_COMPILER_APPICON_NAME = AppIcon;
				INFOPLIST_FILE = Blocstagram/Info.plist;
				LD_RUNPATH_SEARCH_PATHS = "$(inherited) @executable_path/Frameworks";
				PRODUCT_BUNDLE_IDENTIFIER = com.bootcamp.Blocstagram;
				PRODUCT_NAME = "$(TARGET_NAME)";
			};
			name = Release;
		};
/* End XCBuildConfiguration section */

/* Begin XCConfigurationList section */
		34DF1DC71CAB277400521ABB /* Build configuration list for PBXProject "Blocstagram" */ = {
			isa = XCConfigurationList;
			buildConfigurations = (
				34DF1DDC1CAB277400521ABB /* Debug */,
				34DF1DDD1CAB277400521ABB /* Release */,
			);
			defaultConfigurationIsVisible = 0;
			defaultConfigurationName = Release;
		};
		34DF1DDE1CAB277400521ABB /* Build configuration list for PBXNativeTarget "Blocstagram" */ = {
			isa = XCConfigurationList;
			buildConfigurations = (
				34DF1DDF1CAB277400521ABB /* Debug */,
				34DF1DE01CAB277400521ABB /* Release */,
			);
			defaultConfigurationIsVisible = 0;
			defaultConfigurationName = Release;
		};
/* End XCConfigurationList section */
	};
	rootObject = 34DF1DC41CAB277400521ABB /* Project object */;
}
